PODS:
  - JXReviewController (0.1.4):
    - SnapKit
    - UIButtonSetBackgroundColorForState
  - SnapKit (5.6.0)
  - UIButtonSetBackgroundColorForState (0.1.1)

DEPENDENCIES:
  - JXReviewController (from `../`)

SPEC REPOS:
  trunk:
    - SnapKit
    - UIButtonSetBackgroundColorForState

EXTERNAL SOURCES:
  JXReviewController:
    :path: "../"

SPEC CHECKSUMS:
  JXReviewController: d3ced9c5c9d4c8c3ac7694dc944967f3fa33f7de
  SnapKit: e01d52ebb8ddbc333eefe2132acf85c8227d9c25
  UIButtonSetBackgroundColorForState: 53e57d766d62f19e564b62bf31b64236902f852c

PODFILE CHECKSUM: e9399a835be392a8b1ab6825d36c4b3418353a0c

COCOAPODS: 1.11.3
