PODS:
  - JXReviewController (0.1.0):
    - SnapKit
    - UIButtonSetBackgroundColorForState
  - SnapKit (5.0.1)
  - UIButtonSetBackgroundColorForState (0.1.0)

DEPENDENCIES:
  - JXReviewController (from `../`)

SPEC REPOS:
  trunk:
    - SnapKit
    - UIButtonSetBackgroundColorForState

EXTERNAL SOURCES:
  JXReviewController:
    :path: "../"

SPEC CHECKSUMS:
  JXReviewController: 2bbba686caa59aa3ba46728b42bc8d55bffa5aa7
  SnapKit: 97b92857e3df3a0c71833cce143274bf6ef8e5eb
  UIButtonSetBackgroundColorForState: fcc963a30f972e15434bacebefe042033940a438

PODFILE CHECKSUM: e9399a835be392a8b1ab6825d36c4b3418353a0c

COCOAPODS: 1.9.3
